# Generated by ReqSnap
# Date: 2026-01-01T15:54:35.344719
# Python: 3.12.12
# Source: requirements.txt

GitPython==3.1.45
faiss-cpu==1.13.1
fastapi==0.121.2
langchain==1.2.0
langchain-community==0.4.1
langchain-core==1.2.4
langchain-groq==1.0.1
langchain-huggingface==1.2.0
langgraph==1.0.3
langgraph-checkpoint==3.0.1
lxml==6.0.2
python-dotenv==1.2.1
reqsnap==1.0.0
sentence_transformers==5.2.0
streamlit==1.47.1
unstructured==0.18.24
uvicorn==0.38.0
